
Microsoft Visual Studio Solution File, Format Version 12.00
# Visual Studio Version 17
VisualStudioVersion = 17.14.36518.9 d17.14
MinimumVisualStudioVersion = 10.0.40219.1
Project("{FAE04EC0-301F-11D3-BF4B-00C04F79EFBC}") = "IntegraRandomUser", "IntegraRandomUser\IntegraRandomUser.csproj", "{27806202-D8B4-4F15-8F07-FFC865E5D058}"
EndProject
Global
	GlobalSection(SolutionConfigurationPlatforms) = preSolution
		Debug|Any CPU = Debug|Any CPU
		Release|Any CPU = Release|Any CPU
	EndGlobalSection
	GlobalSection(ProjectConfigurationPlatforms) = postSolution
		{27806202-D8B4-4F15-8F07-FFC865E5D058}.Debug|Any CPU.ActiveCfg = Debug|Any CPU
		{27806202-D8B4-4F15-8F07-FFC865E5D058}.Debug|Any CPU.Build.0 = Debug|Any CPU
		{27806202-D8B4-4F15-8F07-FFC865E5D058}.Release|Any CPU.ActiveCfg = Release|Any CPU
		{27806202-D8B4-4F15-8F07-FFC865E5D058}.Release|Any CPU.Build.0 = Release|Any CPU
	EndGlobalSection
	GlobalSection(SolutionProperties) = preSolution
		HideSolutionNode = FALSE
	EndGlobalSection
	GlobalSection(ExtensibilityGlobals) = postSolution
		SolutionGuid = {29B2F379-41CC-40BC-AC81-7B7E9C5195C8}
	EndGlobalSection
EndGlobal
